
Microsoft Visual Studio Solution File, Format Version 12.00
# Visual Studio Version 17
VisualStudioVersion = 17.8.34330.188
MinimumVisualStudioVersion = 10.0.40219.1
Project("{9A19103F-16F7-4668-BE54-9A1E7A4F7556}") = "Operaciones", "Operaciones\Operaciones.csproj", "{11BCB70C-77E5-4831-9E1D-1DF417C89A84}"
EndProject
Project("{2150E333-8FDC-42A3-9474-1A3956D46DE8}") = "Elementos de la solución", "Elementos de la solución", "{700E5ABE-0978-4966-BEF0-011CC7CC2298}"
	ProjectSection(SolutionItems) = preProject
		Ayuda.txt = Ayuda.txt
	EndProjectSection
EndProject
Project("{9A19103F-16F7-4668-BE54-9A1E7A4F7556}") = "Listas.nUnitTests", "Listas.nUnitTests\Listas.nUnitTests.csproj", "{4DC16046-D7AA-477D-B628-17A64015EB58}"
EndProject
Project("{9A19103F-16F7-4668-BE54-9A1E7A4F7556}") = "ProgramaDivisibilidadCLI", "ProgramaDivisibilidadCLI\ProgramaDivisibilidadCLI.csproj", "{4F70911F-5BB6-48F4-936C-82E259BD3F15}"
EndProject
Project("{9A19103F-16F7-4668-BE54-9A1E7A4F7556}") = "Listas", "Listas\Listas.csproj", "{24A2ACFD-24AD-4024-8390-D8516C1BB6B4}"
EndProject
Project("{FAE04EC0-301F-11D3-BF4B-00C04F79EFBC}") = "Listas.Bloques", "Listas.Bloques\Listas.Bloques.csproj", "{15E10E52-43D0-45EA-8B8E-09F82029E9E6}"
EndProject
Global
	GlobalSection(SolutionConfigurationPlatforms) = preSolution
		Debug|Any CPU = Debug|Any CPU
		Release|Any CPU = Release|Any CPU
	EndGlobalSection
	GlobalSection(ProjectConfigurationPlatforms) = postSolution
		{11BCB70C-77E5-4831-9E1D-1DF417C89A84}.Debug|Any CPU.ActiveCfg = Debug|Any CPU
		{11BCB70C-77E5-4831-9E1D-1DF417C89A84}.Debug|Any CPU.Build.0 = Debug|Any CPU
		{11BCB70C-77E5-4831-9E1D-1DF417C89A84}.Release|Any CPU.ActiveCfg = Release|Any CPU
		{11BCB70C-77E5-4831-9E1D-1DF417C89A84}.Release|Any CPU.Build.0 = Release|Any CPU
		{4DC16046-D7AA-477D-B628-17A64015EB58}.Debug|Any CPU.ActiveCfg = Debug|Any CPU
		{4DC16046-D7AA-477D-B628-17A64015EB58}.Debug|Any CPU.Build.0 = Debug|Any CPU
		{4DC16046-D7AA-477D-B628-17A64015EB58}.Release|Any CPU.ActiveCfg = Release|Any CPU
		{4DC16046-D7AA-477D-B628-17A64015EB58}.Release|Any CPU.Build.0 = Release|Any CPU
		{4F70911F-5BB6-48F4-936C-82E259BD3F15}.Debug|Any CPU.ActiveCfg = Debug|Any CPU
		{4F70911F-5BB6-48F4-936C-82E259BD3F15}.Debug|Any CPU.Build.0 = Debug|Any CPU
		{4F70911F-5BB6-48F4-936C-82E259BD3F15}.Release|Any CPU.ActiveCfg = Release|Any CPU
		{4F70911F-5BB6-48F4-936C-82E259BD3F15}.Release|Any CPU.Build.0 = Release|Any CPU
		{24A2ACFD-24AD-4024-8390-D8516C1BB6B4}.Debug|Any CPU.ActiveCfg = Debug|Any CPU
		{24A2ACFD-24AD-4024-8390-D8516C1BB6B4}.Debug|Any CPU.Build.0 = Debug|Any CPU
		{24A2ACFD-24AD-4024-8390-D8516C1BB6B4}.Release|Any CPU.ActiveCfg = Release|Any CPU
		{24A2ACFD-24AD-4024-8390-D8516C1BB6B4}.Release|Any CPU.Build.0 = Release|Any CPU
		{15E10E52-43D0-45EA-8B8E-09F82029E9E6}.Debug|Any CPU.ActiveCfg = Debug|Any CPU
		{15E10E52-43D0-45EA-8B8E-09F82029E9E6}.Debug|Any CPU.Build.0 = Debug|Any CPU
		{15E10E52-43D0-45EA-8B8E-09F82029E9E6}.Release|Any CPU.ActiveCfg = Release|Any CPU
		{15E10E52-43D0-45EA-8B8E-09F82029E9E6}.Release|Any CPU.Build.0 = Release|Any CPU
	EndGlobalSection
	GlobalSection(SolutionProperties) = preSolution
		HideSolutionNode = FALSE
	EndGlobalSection
	GlobalSection(ExtensibilityGlobals) = postSolution
		SolutionGuid = {4C48D7A3-C3CB-4267-B887-C17FEE6A0A2F}
	EndGlobalSection
EndGlobal
