
Microsoft Visual Studio Solution File, Format Version 12.00
# Visual Studio Version 17
VisualStudioVersion = 17.8.34330.188
MinimumVisualStudioVersion = 10.0.40219.1
Project("{9A19103F-16F7-4668-BE54-9A1E7A4F7556}") = "Listas.nUnitTests", "Listas.nUnitTests\Listas.nUnitTests.csproj", "{4DC16046-D7AA-477D-B628-17A64015EB58}"
	ProjectSection(ProjectDependencies) = postProject
		{15E10E52-43D0-45EA-8B8E-09F82029E9E6} = {15E10E52-43D0-45EA-8B8E-09F82029E9E6}
	EndProjectSection
EndProject
Project("{9A19103F-16F7-4668-BE54-9A1E7A4F7556}") = "Listas", "Listas\Listas.csproj", "{24A2ACFD-24AD-4024-8390-D8516C1BB6B4}"
EndProject
Project("{9A19103F-16F7-4668-BE54-9A1E7A4F7556}") = "Listas.Bloques", "Listas.Bloques\Listas.Bloques.csproj", "{15E10E52-43D0-45EA-8B8E-09F82029E9E6}"
EndProject
Project("{2150E333-8FDC-42A3-9474-1A3956D46DE8}") = "Solution Items", "Solution Items", "{D45AE9F0-E077-4947-8DC7-6CB2C04D57E4}"
	ProjectSection(SolutionItems) = preProject
		.editorconfig = .editorconfig
	EndProjectSection
EndProject
Global
	GlobalSection(SolutionConfigurationPlatforms) = preSolution
		Debug|Any CPU = Debug|Any CPU
		Release|Any CPU = Release|Any CPU
	EndGlobalSection
	GlobalSection(ProjectConfigurationPlatforms) = postSolution
		{4DC16046-D7AA-477D-B628-17A64015EB58}.Debug|Any CPU.ActiveCfg = Debug|Any CPU
		{4DC16046-D7AA-477D-B628-17A64015EB58}.Debug|Any CPU.Build.0 = Debug|Any CPU
		{4DC16046-D7AA-477D-B628-17A64015EB58}.Release|Any CPU.ActiveCfg = Release|Any CPU
		{4DC16046-D7AA-477D-B628-17A64015EB58}.Release|Any CPU.Build.0 = Release|Any CPU
		{24A2ACFD-24AD-4024-8390-D8516C1BB6B4}.Debug|Any CPU.ActiveCfg = Debug|Any CPU
		{24A2ACFD-24AD-4024-8390-D8516C1BB6B4}.Debug|Any CPU.Build.0 = Debug|Any CPU
		{24A2ACFD-24AD-4024-8390-D8516C1BB6B4}.Release|Any CPU.ActiveCfg = Release|Any CPU
		{24A2ACFD-24AD-4024-8390-D8516C1BB6B4}.Release|Any CPU.Build.0 = Release|Any CPU
		{15E10E52-43D0-45EA-8B8E-09F82029E9E6}.Debug|Any CPU.ActiveCfg = Debug|Any CPU
		{15E10E52-43D0-45EA-8B8E-09F82029E9E6}.Debug|Any CPU.Build.0 = Debug|Any CPU
		{15E10E52-43D0-45EA-8B8E-09F82029E9E6}.Release|Any CPU.ActiveCfg = Release|Any CPU
		{15E10E52-43D0-45EA-8B8E-09F82029E9E6}.Release|Any CPU.Build.0 = Release|Any CPU
	EndGlobalSection
	GlobalSection(SolutionProperties) = preSolution
		HideSolutionNode = FALSE
	EndGlobalSection
	GlobalSection(ExtensibilityGlobals) = postSolution
		SolutionGuid = {4C48D7A3-C3CB-4267-B887-C17FEE6A0A2F}
	EndGlobalSection
EndGlobal
